
Microsoft Visual Studio Solution File, Format Version 12.00
# Visual Studio Version 16
VisualStudioVersion = 16.0.31205.134
MinimumVisualStudioVersion = 10.0.40219.1
Project("{FAE04EC0-301F-11D3-BF4B-00C04F79EFBC}") = "authenticationAuthorizationTest", "authenticationAuthorizationTest\authenticationAuthorizationTest.csproj", "{6328507A-A70F-4555-87B3-3D5B42F1E7BD}"
EndProject
Global
	GlobalSection(SolutionConfigurationPlatforms) = preSolution
		Debug|Any CPU = Debug|Any CPU
		Release|Any CPU = Release|Any CPU
	EndGlobalSection
	GlobalSection(ProjectConfigurationPlatforms) = postSolution
		{6328507A-A70F-4555-87B3-3D5B42F1E7BD}.Debug|Any CPU.ActiveCfg = Debug|Any CPU
		{6328507A-A70F-4555-87B3-3D5B42F1E7BD}.Debug|Any CPU.Build.0 = Debug|Any CPU
		{6328507A-A70F-4555-87B3-3D5B42F1E7BD}.Release|Any CPU.ActiveCfg = Release|Any CPU
		{6328507A-A70F-4555-87B3-3D5B42F1E7BD}.Release|Any CPU.Build.0 = Release|Any CPU
	EndGlobalSection
	GlobalSection(SolutionProperties) = preSolution
		HideSolutionNode = FALSE
	EndGlobalSection
	GlobalSection(ExtensibilityGlobals) = postSolution
		SolutionGuid = {812EE322-A970-406D-852E-B61BB1F85804}
	EndGlobalSection
EndGlobal
